
Microsoft Visual Studio Solution File, Format Version 12.00
# Visual Studio Version 17
VisualStudioVersion = 17.2.32616.157
MinimumVisualStudioVersion = 10.0.40219.1
Project("{8BC9CEB8-8B4A-11D0-8D11-00A0C91BC942}") = "C2-Hunter", "C2-Hunter\C2-Hunter.vcxproj", "{CB3F1325-8442-485C-87A1-C41BC5FD4C72}"
EndProject
Global
	GlobalSection(SolutionConfigurationPlatforms) = preSolution
		Debug|x64 = Debug|x64
		Debug|x86 = Debug|x86
		Release|x64 = Release|x64
		Release|x86 = Release|x86
	EndGlobalSection
	GlobalSection(ProjectConfigurationPlatforms) = postSolution
		{CB3F1325-8442-485C-87A1-C41BC5FD4C72}.Debug|x64.ActiveCfg = Debug|x64
		{CB3F1325-8442-485C-87A1-C41BC5FD4C72}.Debug|x64.Build.0 = Debug|x64
		{CB3F1325-8442-485C-87A1-C41BC5FD4C72}.Debug|x86.ActiveCfg = Debug|Win32
		{CB3F1325-8442-485C-87A1-C41BC5FD4C72}.Debug|x86.Build.0 = Debug|Win32
		{CB3F1325-8442-485C-87A1-C41BC5FD4C72}.Release|x64.ActiveCfg = Release|x64
		{CB3F1325-8442-485C-87A1-C41BC5FD4C72}.Release|x64.Build.0 = Release|x64
		{CB3F1325-8442-485C-87A1-C41BC5FD4C72}.Release|x86.ActiveCfg = Release|Win32
		{CB3F1325-8442-485C-87A1-C41BC5FD4C72}.Release|x86.Build.0 = Release|Win32
	EndGlobalSection
	GlobalSection(SolutionProperties) = preSolution
		HideSolutionNode = FALSE
	EndGlobalSection
	GlobalSection(ExtensibilityGlobals) = postSolution
		SolutionGuid = {4525CFFE-B25F-474B-BF97-7E7D4903D53A}
	EndGlobalSection
EndGlobal
